
Microsoft Visual Studio Solution File, Format Version 12.00
# Visual Studio 14
VisualStudioVersion = 14.0.25420.1
MinimumVisualStudioVersion = 10.0.40219.1
Project("{FAE04EC0-301F-11D3-BF4B-00C04F79EFBC}") = "WildData", "WildData\WildData.csproj", "{3D315D80-E1EC-4518-AC7A-EC7397A56E46}"
EndProject
Project("{FAE04EC0-301F-11D3-BF4B-00C04F79EFBC}") = "WildData.Test", "WildData.Test\WildData.Test.csproj", "{654C96A5-D419-48A0-8ED9-4BCE247C931E}"
EndProject
Project("{FAE04EC0-301F-11D3-BF4B-00C04F79EFBC}") = "WildData.Npgsql", "WildData.Npgsql\WildData.Npgsql.csproj", "{DC23BA53-D92B-42EC-B771-BB3D4D7AFBA2}"
EndProject
Project("{FAE04EC0-301F-11D3-BF4B-00C04F79EFBC}") = "WildData.SqlServer", "WildData.SqlServer\WildData.SqlServer.csproj", "{E6B2F39A-85AA-416A-B488-F4CB030E9AAF}"
EndProject
Project("{FAE04EC0-301F-11D3-BF4B-00C04F79EFBC}") = "WildData.MySql", "WildData.MySql\WildData.MySql.csproj", "{FBA6320C-C4F3-42B1-8EB6-07635F160672}"
EndProject
Global
	GlobalSection(SolutionConfigurationPlatforms) = preSolution
		Debug|Any CPU = Debug|Any CPU
		Release|Any CPU = Release|Any CPU
	EndGlobalSection
	GlobalSection(ProjectConfigurationPlatforms) = postSolution
		{3D315D80-E1EC-4518-AC7A-EC7397A56E46}.Debug|Any CPU.ActiveCfg = Debug|Any CPU
		{3D315D80-E1EC-4518-AC7A-EC7397A56E46}.Debug|Any CPU.Build.0 = Debug|Any CPU
		{3D315D80-E1EC-4518-AC7A-EC7397A56E46}.Release|Any CPU.ActiveCfg = Release|Any CPU
		{3D315D80-E1EC-4518-AC7A-EC7397A56E46}.Release|Any CPU.Build.0 = Release|Any CPU
		{654C96A5-D419-48A0-8ED9-4BCE247C931E}.Debug|Any CPU.ActiveCfg = Debug|Any CPU
		{654C96A5-D419-48A0-8ED9-4BCE247C931E}.Debug|Any CPU.Build.0 = Debug|Any CPU
		{654C96A5-D419-48A0-8ED9-4BCE247C931E}.Release|Any CPU.ActiveCfg = Release|Any CPU
		{654C96A5-D419-48A0-8ED9-4BCE247C931E}.Release|Any CPU.Build.0 = Release|Any CPU
		{DC23BA53-D92B-42EC-B771-BB3D4D7AFBA2}.Debug|Any CPU.ActiveCfg = Debug|Any CPU
		{DC23BA53-D92B-42EC-B771-BB3D4D7AFBA2}.Debug|Any CPU.Build.0 = Debug|Any CPU
		{DC23BA53-D92B-42EC-B771-BB3D4D7AFBA2}.Release|Any CPU.ActiveCfg = Release|Any CPU
		{DC23BA53-D92B-42EC-B771-BB3D4D7AFBA2}.Release|Any CPU.Build.0 = Release|Any CPU
		{E6B2F39A-85AA-416A-B488-F4CB030E9AAF}.Debug|Any CPU.ActiveCfg = Debug|Any CPU
		{E6B2F39A-85AA-416A-B488-F4CB030E9AAF}.Debug|Any CPU.Build.0 = Debug|Any CPU
		{E6B2F39A-85AA-416A-B488-F4CB030E9AAF}.Release|Any CPU.ActiveCfg = Release|Any CPU
		{E6B2F39A-85AA-416A-B488-F4CB030E9AAF}.Release|Any CPU.Build.0 = Release|Any CPU
		{FBA6320C-C4F3-42B1-8EB6-07635F160672}.Debug|Any CPU.ActiveCfg = Debug|Any CPU
		{FBA6320C-C4F3-42B1-8EB6-07635F160672}.Debug|Any CPU.Build.0 = Debug|Any CPU
		{FBA6320C-C4F3-42B1-8EB6-07635F160672}.Release|Any CPU.ActiveCfg = Release|Any CPU
		{FBA6320C-C4F3-42B1-8EB6-07635F160672}.Release|Any CPU.Build.0 = Release|Any CPU
	EndGlobalSection
	GlobalSection(SolutionProperties) = preSolution
		HideSolutionNode = FALSE
	EndGlobalSection
EndGlobal
